# This file is autogenerated, do not edit; changes may be undone by the next 'dep ensure'.


[[projects]]
  digest = "1:b7ab4cd63ead221a76000d403da99fc509a8697d493128f47f5963c89c91eb68"
  name = "github.com/artyom/autoflags"
  packages = ["."]
  pruneopts = "UT"
  revision = "b279f4a7f2afa630651c35e91ea06cd86f52c376"
  version = "v1.1.1"

[[projects]]
  digest = "1:5cacb7c4b6683d2026939dc2ca851c21ce85766b6b1133e39cb9681d4d797c8a"
  name = "github.com/aws/aws-sdk-go"
  packages = [
    "aws",
    "aws/awserr",
    "aws/awsutil",
    "aws/client",
    "aws/client/metadata",
    "aws/corehandlers",
    "aws/credentials",
    "aws/credentials/ec2rolecreds",
    "aws/credentials/endpointcreds",
    "aws/credentials/processcreds",
    "aws/credentials/stscreds",
    "aws/csm",
    "aws/defaults",
    "aws/ec2metadata",
    "aws/endpoints",
    "aws/request",
    "aws/session",
    "aws/signer/v4",
    "internal/ini",
    "internal/sdkio",
    "internal/sdkrand",
    "internal/sdkuri",
    "internal/shareddefaults",
    "private/protocol",
    "private/protocol/json/jsonutil",
    "private/protocol/query",
    "private/protocol/query/queryutil",
    "private/protocol/rest",
    "private/protocol/xml/xmlutil",
    "service/sns",
    "service/sts",
    "service/sts/stsiface",
  ]
  pruneopts = "UT"
  revision = "fbdf1bd30caaf828d14bd5fed15130417858a723"
  version = "v1.23.3"

[[projects]]
  digest = "1:cbec35fe4d5a4fba369a656a8cd65e244ea2c743007d8f6c1ccb132acf9d1296"
  name = "github.com/gorilla/mux"
  packages = ["."]
  pruneopts = "UT"
  revision = "00bdffe0f3c77e27d2cf6f5c70232a2d3e4d9c15"
  version = "v1.7.3"

[[projects]]
  digest = "1:574f4e0c57e045c9d109d23c60c586b2198eaead53daa97ed5f65c616e22a9b0"
  name = "github.com/h2non/parth"
  packages = ["."]
  pruneopts = "UT"
  revision = "b4df798d65426f8c8ab5ca5f9987aec5575d26c9"
  version = "v2.0.1"

[[projects]]
  digest = "1:bb81097a5b62634f3e9fec1014657855610c82d19b9a40c17612e32651e35dca"
  name = "github.com/jmespath/go-jmespath"
  packages = ["."]
  pruneopts = "UT"
  revision = "c2b33e84"

[[projects]]
  branch = "master"
  digest = "1:256ea49b11e59953572f08f3ca66c50bc60474bd60a2f3f59fc23eea43dd9203"
  name = "github.com/roundpartner/go"
  packages = [
    "ha",
    "transaction",
  ]
  pruneopts = "UT"
  revision = "70a07059ae3dbcd2bd82bdc5252c95520445f551"

[[projects]]
  digest = "1:1981394021004d41ef112c4bddd9a5552df66c9d9e3ffcf6e311ed76a05e7164"
  name = "github.com/stripe/stripe-go"
  packages = [
    ".",
    "card",
    "charge",
    "checkout/session",
    "customer",
    "form",
  ]
  pruneopts = "UT"
  revision = "9c59aefa4822f9a21e2ea6600b7f00cdc3e5f14a"
  version = "v62.1.1"

[[projects]]
  digest = "1:80d8747c77f6b6c8e77232cd04aa93cbf4489836d47e487566d94e6ecbe23082"
  name = "gopkg.in/h2non/gock.v1"
  packages = ["."]
  pruneopts = "UT"
  revision = "3ffff9b1aa8200275a5eb219c5f9c62bd27acb31"
  version = "v1.0.15"

[solve-meta]
  analyzer-name = "dep"
  analyzer-version = 1
  input-imports = [
    "github.com/artyom/autoflags",
    "github.com/aws/aws-sdk-go/aws",
    "github.com/aws/aws-sdk-go/aws/credentials",
    "github.com/aws/aws-sdk-go/aws/session",
    "github.com/aws/aws-sdk-go/service/sns",
    "github.com/gorilla/mux",
    "github.com/roundpartner/go/ha",
    "github.com/roundpartner/go/transaction",
    "github.com/stripe/stripe-go",
    "github.com/stripe/stripe-go/card",
    "github.com/stripe/stripe-go/charge",
    "github.com/stripe/stripe-go/checkout/session",
    "github.com/stripe/stripe-go/customer",
    "gopkg.in/h2non/gock.v1",
  ]
  solver-name = "gps-cdcl"
  solver-version = 1
