# This file is autogenerated, do not edit; changes may be undone by the next 'dep ensure'.


[[projects]]
  digest = "1:b7ab4cd63ead221a76000d403da99fc509a8697d493128f47f5963c89c91eb68"
  name = "github.com/artyom/autoflags"
  packages = ["."]
  pruneopts = "UT"
  revision = "b279f4a7f2afa630651c35e91ea06cd86f52c376"
  version = "v1.1.1"

[[projects]]
  digest = "1:cbec35fe4d5a4fba369a656a8cd65e244ea2c743007d8f6c1ccb132acf9d1296"
  name = "github.com/gorilla/mux"
  packages = ["."]
  pruneopts = "UT"
  revision = "00bdffe0f3c77e27d2cf6f5c70232a2d3e4d9c15"
  version = "v1.7.3"

[[projects]]
  digest = "1:808cdddf087fb64baeae67b8dfaee2069034d9704923a3cb8bd96a995421a625"
  name = "github.com/patrickmn/go-cache"
  packages = ["."]
  pruneopts = "UT"
  revision = "a3647f8e31d79543b2d0f0ae2fe5c379d72cedc0"
  version = "v2.1.0"

[[projects]]
  branch = "master"
  digest = "1:b5203191a391857d8c4fc8ef6af9e84cbeb12dc4b731884452eb301648a16969"
  name = "github.com/roundpartner/go"
  packages = ["transaction"]
  pruneopts = "UT"
  revision = "7a4a9b297a8e67ae2992e8469dc7701de10156af"

[[projects]]
  digest = "1:195bc5cd5b9f21c60a8bbcbbbaa4244c56c84d87b696ac00ca42772697d76749"
  name = "github.com/stripe/stripe-go"
  packages = [
    ".",
    "card",
    "charge",
    "customer",
    "form",
  ]
  pruneopts = "UT"
  revision = "d93d9f7cdc48b48ed9f26b2c72993d12d8d2f2ac"
  version = "v61.13.0"

[solve-meta]
  analyzer-name = "dep"
  analyzer-version = 1
  input-imports = [
    "github.com/artyom/autoflags",
    "github.com/gorilla/mux",
    "github.com/patrickmn/go-cache",
    "github.com/roundpartner/go/transaction",
    "github.com/stripe/stripe-go",
    "github.com/stripe/stripe-go/card",
    "github.com/stripe/stripe-go/charge",
    "github.com/stripe/stripe-go/customer",
  ]
  solver-name = "gps-cdcl"
  solver-version = 1
