# This file is autogenerated, do not edit; changes may be undone by the next 'dep ensure'.


[[projects]]
  digest = "1:b7ab4cd63ead221a76000d403da99fc509a8697d493128f47f5963c89c91eb68"
  name = "github.com/artyom/autoflags"
  packages = ["."]
  pruneopts = "UT"
  revision = "b279f4a7f2afa630651c35e91ea06cd86f52c376"
  version = "v1.1.1"

[[projects]]
  digest = "1:cbec35fe4d5a4fba369a656a8cd65e244ea2c743007d8f6c1ccb132acf9d1296"
  name = "github.com/gorilla/mux"
  packages = ["."]
  pruneopts = "UT"
  revision = "00bdffe0f3c77e27d2cf6f5c70232a2d3e4d9c15"
  version = "v1.7.3"

[[projects]]
  digest = "1:574f4e0c57e045c9d109d23c60c586b2198eaead53daa97ed5f65c616e22a9b0"
  name = "github.com/h2non/parth"
  packages = ["."]
  pruneopts = "UT"
  revision = "b4df798d65426f8c8ab5ca5f9987aec5575d26c9"
  version = "v2.0.1"

[[projects]]
  branch = "master"
  digest = "1:b5203191a391857d8c4fc8ef6af9e84cbeb12dc4b731884452eb301648a16969"
  name = "github.com/roundpartner/go"
  packages = ["transaction"]
  pruneopts = "UT"
  revision = "7a4a9b297a8e67ae2992e8469dc7701de10156af"

[[projects]]
  digest = "1:195bc5cd5b9f21c60a8bbcbbbaa4244c56c84d87b696ac00ca42772697d76749"
  name = "github.com/stripe/stripe-go"
  packages = [
    ".",
    "card",
    "charge",
    "customer",
    "form",
  ]
  pruneopts = "UT"
  revision = "d93d9f7cdc48b48ed9f26b2c72993d12d8d2f2ac"
  version = "v61.13.0"

[[projects]]
  digest = "1:80d8747c77f6b6c8e77232cd04aa93cbf4489836d47e487566d94e6ecbe23082"
  name = "gopkg.in/h2non/gock.v1"
  packages = ["."]
  pruneopts = "UT"
  revision = "3ffff9b1aa8200275a5eb219c5f9c62bd27acb31"
  version = "v1.0.15"

[solve-meta]
  analyzer-name = "dep"
  analyzer-version = 1
  input-imports = [
    "github.com/artyom/autoflags",
    "github.com/gorilla/mux",
    "github.com/roundpartner/go/transaction",
    "github.com/stripe/stripe-go",
    "github.com/stripe/stripe-go/card",
    "github.com/stripe/stripe-go/charge",
    "github.com/stripe/stripe-go/customer",
    "gopkg.in/h2non/gock.v1",
  ]
  solver-name = "gps-cdcl"
  solver-version = 1
